
Microsoft Visual Studio Solution File, Format Version 12.00
# Visual Studio Version 17
VisualStudioVersion = 17.4.33213.308
MinimumVisualStudioVersion = 10.0.40219.1
Project("{FAE04EC0-301F-11D3-BF4B-00C04F79EFBC}") = "Modul4_1302210087", "Modul4_1302210087\Modul4_1302210087.csproj", "{9C0AEF49-9110-4C31-A983-91C3AFE5909A}"
EndProject
Global
	GlobalSection(SolutionConfigurationPlatforms) = preSolution
		Debug|Any CPU = Debug|Any CPU
		Release|Any CPU = Release|Any CPU
	EndGlobalSection
	GlobalSection(ProjectConfigurationPlatforms) = postSolution
		{9C0AEF49-9110-4C31-A983-91C3AFE5909A}.Debug|Any CPU.ActiveCfg = Debug|Any CPU
		{9C0AEF49-9110-4C31-A983-91C3AFE5909A}.Debug|Any CPU.Build.0 = Debug|Any CPU
		{9C0AEF49-9110-4C31-A983-91C3AFE5909A}.Release|Any CPU.ActiveCfg = Release|Any CPU
		{9C0AEF49-9110-4C31-A983-91C3AFE5909A}.Release|Any CPU.Build.0 = Release|Any CPU
	EndGlobalSection
	GlobalSection(SolutionProperties) = preSolution
		HideSolutionNode = FALSE
	EndGlobalSection
	GlobalSection(ExtensibilityGlobals) = postSolution
		SolutionGuid = {62622CBF-D89F-47FA-AE3D-0B544D4F0D93}
	EndGlobalSection
EndGlobal
